
Microsoft Visual Studio Solution File, Format Version 12.00
# Visual Studio Version 17
VisualStudioVersion = 17.5.33424.131
MinimumVisualStudioVersion = 10.0.40219.1
Project("{FAE04EC0-301F-11D3-BF4B-00C04F79EFBC}") = "Entities", "Entities\Entities.csproj", "{C05B66E7-3ADF-4673-A742-8998781D0BFA}"
EndProject
Project("{FAE04EC0-301F-11D3-BF4B-00C04F79EFBC}") = "WebAPI", "WebAPI\WebAPI.csproj", "{03B0E9DD-6194-49C1-B5CC-EAD5EDB1E02F}"
EndProject
Project("{FAE04EC0-301F-11D3-BF4B-00C04F79EFBC}") = "Core", "Core\Core.csproj", "{751B35C5-6FEC-4BD0-994C-980221FF3681}"
EndProject
Project("{FAE04EC0-301F-11D3-BF4B-00C04F79EFBC}") = "DataAccess", "DataAccess\DataAccess.csproj", "{44067277-317E-469B-B2C8-34EEBD92AB16}"
EndProject
Project("{FAE04EC0-301F-11D3-BF4B-00C04F79EFBC}") = "Business", "Business\Business.csproj", "{4AD583A1-4D73-4007-856A-E0C1317AF614}"
EndProject
Global
	GlobalSection(SolutionConfigurationPlatforms) = preSolution
		Debug|Any CPU = Debug|Any CPU
		Release|Any CPU = Release|Any CPU
	EndGlobalSection
	GlobalSection(ProjectConfigurationPlatforms) = postSolution
		{C05B66E7-3ADF-4673-A742-8998781D0BFA}.Debug|Any CPU.ActiveCfg = Debug|Any CPU
		{C05B66E7-3ADF-4673-A742-8998781D0BFA}.Debug|Any CPU.Build.0 = Debug|Any CPU
		{C05B66E7-3ADF-4673-A742-8998781D0BFA}.Release|Any CPU.ActiveCfg = Release|Any CPU
		{C05B66E7-3ADF-4673-A742-8998781D0BFA}.Release|Any CPU.Build.0 = Release|Any CPU
		{03B0E9DD-6194-49C1-B5CC-EAD5EDB1E02F}.Debug|Any CPU.ActiveCfg = Debug|Any CPU
		{03B0E9DD-6194-49C1-B5CC-EAD5EDB1E02F}.Debug|Any CPU.Build.0 = Debug|Any CPU
		{03B0E9DD-6194-49C1-B5CC-EAD5EDB1E02F}.Release|Any CPU.ActiveCfg = Release|Any CPU
		{03B0E9DD-6194-49C1-B5CC-EAD5EDB1E02F}.Release|Any CPU.Build.0 = Release|Any CPU
		{751B35C5-6FEC-4BD0-994C-980221FF3681}.Debug|Any CPU.ActiveCfg = Debug|Any CPU
		{751B35C5-6FEC-4BD0-994C-980221FF3681}.Debug|Any CPU.Build.0 = Debug|Any CPU
		{751B35C5-6FEC-4BD0-994C-980221FF3681}.Release|Any CPU.ActiveCfg = Release|Any CPU
		{751B35C5-6FEC-4BD0-994C-980221FF3681}.Release|Any CPU.Build.0 = Release|Any CPU
		{44067277-317E-469B-B2C8-34EEBD92AB16}.Debug|Any CPU.ActiveCfg = Debug|Any CPU
		{44067277-317E-469B-B2C8-34EEBD92AB16}.Debug|Any CPU.Build.0 = Debug|Any CPU
		{44067277-317E-469B-B2C8-34EEBD92AB16}.Release|Any CPU.ActiveCfg = Release|Any CPU
		{44067277-317E-469B-B2C8-34EEBD92AB16}.Release|Any CPU.Build.0 = Release|Any CPU
		{4AD583A1-4D73-4007-856A-E0C1317AF614}.Debug|Any CPU.ActiveCfg = Debug|Any CPU
		{4AD583A1-4D73-4007-856A-E0C1317AF614}.Debug|Any CPU.Build.0 = Debug|Any CPU
		{4AD583A1-4D73-4007-856A-E0C1317AF614}.Release|Any CPU.ActiveCfg = Release|Any CPU
		{4AD583A1-4D73-4007-856A-E0C1317AF614}.Release|Any CPU.Build.0 = Release|Any CPU
	EndGlobalSection
	GlobalSection(SolutionProperties) = preSolution
		HideSolutionNode = FALSE
	EndGlobalSection
	GlobalSection(ExtensibilityGlobals) = postSolution
		SolutionGuid = {AF793459-630E-44A1-8FCE-1DEFED0273AE}
	EndGlobalSection
EndGlobal
